
Microsoft Visual Studio Solution File, Format Version 12.00
# Visual Studio Version 17
VisualStudioVersion = 17.12.35707.178 d17.12
MinimumVisualStudioVersion = 10.0.40219.1
Project("{8BC9CEB8-8B4A-11D0-8D11-00A0C91BC942}") = "vsProjectTest", "vsProjectTest\vsProjectTest.vcxproj", "{4853C490-BADC-4425-BBCE-E93E8FAEDEDB}"
EndProject
Project("{8BC9CEB8-8B4A-11D0-8D11-00A0C91BC942}") = "MultiThreadingProcess", "..\MultiThreadingProcess\MultiThreadingProcess.vcxproj", "{15D6EA0F-AEEA-40F3-A5E2-636A9FF60D69}"
EndProject
Project("{8BC9CEB8-8B4A-11D0-8D11-00A0C91BC942}") = "select-MultiPlatform", "..\select-MultiPlatform\select-MultiPlatform.vcxproj", "{F9B4375B-A53B-4093-B1F6-23BC9E2D6121}"
EndProject
Project("{8BC9CEB8-8B4A-11D0-8D11-00A0C91BC942}") = "USART", "..\USART\USART.vcxproj", "{96753B66-FF59-4CA7-8ED1-F58631BB6A71}"
EndProject
Project("{8BC9CEB8-8B4A-11D0-8D11-00A0C91BC942}") = "tslib", "..\tslib\tslib.vcxproj", "{581049E0-BFC0-4211-AD8A-ADB169E86CB7}"
EndProject
Project("{8BC9CEB8-8B4A-11D0-8D11-00A0C91BC942}") = "epoll", "..\epoll\epoll.vcxproj", "{97A4D28A-F3D9-4272-809E-43CAA4D92348}"
EndProject
Global
	GlobalSection(SolutionConfigurationPlatforms) = preSolution
		Debug|ARM = Debug|ARM
		Debug|ARM64 = Debug|ARM64
		Debug|x64 = Debug|x64
		Debug|x86 = Debug|x86
		Release|ARM = Release|ARM
		Release|ARM64 = Release|ARM64
		Release|x64 = Release|x64
		Release|x86 = Release|x86
	EndGlobalSection
	GlobalSection(ProjectConfigurationPlatforms) = postSolution
		{4853C490-BADC-4425-BBCE-E93E8FAEDEDB}.Debug|ARM.ActiveCfg = Debug|ARM
		{4853C490-BADC-4425-BBCE-E93E8FAEDEDB}.Debug|ARM.Build.0 = Debug|ARM
		{4853C490-BADC-4425-BBCE-E93E8FAEDEDB}.Debug|ARM.Deploy.0 = Debug|ARM
		{4853C490-BADC-4425-BBCE-E93E8FAEDEDB}.Debug|ARM64.ActiveCfg = Debug|ARM64
		{4853C490-BADC-4425-BBCE-E93E8FAEDEDB}.Debug|ARM64.Build.0 = Debug|ARM64
		{4853C490-BADC-4425-BBCE-E93E8FAEDEDB}.Debug|ARM64.Deploy.0 = Debug|ARM64
		{4853C490-BADC-4425-BBCE-E93E8FAEDEDB}.Debug|x64.ActiveCfg = Debug|x64
		{4853C490-BADC-4425-BBCE-E93E8FAEDEDB}.Debug|x64.Build.0 = Debug|x64
		{4853C490-BADC-4425-BBCE-E93E8FAEDEDB}.Debug|x64.Deploy.0 = Debug|x64
		{4853C490-BADC-4425-BBCE-E93E8FAEDEDB}.Debug|x86.ActiveCfg = Debug|x86
		{4853C490-BADC-4425-BBCE-E93E8FAEDEDB}.Debug|x86.Build.0 = Debug|x86
		{4853C490-BADC-4425-BBCE-E93E8FAEDEDB}.Debug|x86.Deploy.0 = Debug|x86
		{4853C490-BADC-4425-BBCE-E93E8FAEDEDB}.Release|ARM.ActiveCfg = Release|ARM
		{4853C490-BADC-4425-BBCE-E93E8FAEDEDB}.Release|ARM.Build.0 = Release|ARM
		{4853C490-BADC-4425-BBCE-E93E8FAEDEDB}.Release|ARM.Deploy.0 = Release|ARM
		{4853C490-BADC-4425-BBCE-E93E8FAEDEDB}.Release|ARM64.ActiveCfg = Release|ARM64
		{4853C490-BADC-4425-BBCE-E93E8FAEDEDB}.Release|ARM64.Build.0 = Release|ARM64
		{4853C490-BADC-4425-BBCE-E93E8FAEDEDB}.Release|ARM64.Deploy.0 = Release|ARM64
		{4853C490-BADC-4425-BBCE-E93E8FAEDEDB}.Release|x64.ActiveCfg = Release|x64
		{4853C490-BADC-4425-BBCE-E93E8FAEDEDB}.Release|x64.Build.0 = Release|x64
		{4853C490-BADC-4425-BBCE-E93E8FAEDEDB}.Release|x64.Deploy.0 = Release|x64
		{4853C490-BADC-4425-BBCE-E93E8FAEDEDB}.Release|x86.ActiveCfg = Release|x86
		{4853C490-BADC-4425-BBCE-E93E8FAEDEDB}.Release|x86.Build.0 = Release|x86
		{4853C490-BADC-4425-BBCE-E93E8FAEDEDB}.Release|x86.Deploy.0 = Release|x86
		{15D6EA0F-AEEA-40F3-A5E2-636A9FF60D69}.Debug|ARM.ActiveCfg = Debug|ARM
		{15D6EA0F-AEEA-40F3-A5E2-636A9FF60D69}.Debug|ARM.Build.0 = Debug|ARM
		{15D6EA0F-AEEA-40F3-A5E2-636A9FF60D69}.Debug|ARM.Deploy.0 = Debug|ARM
		{15D6EA0F-AEEA-40F3-A5E2-636A9FF60D69}.Debug|ARM64.ActiveCfg = Debug|ARM64
		{15D6EA0F-AEEA-40F3-A5E2-636A9FF60D69}.Debug|ARM64.Build.0 = Debug|ARM64
		{15D6EA0F-AEEA-40F3-A5E2-636A9FF60D69}.Debug|ARM64.Deploy.0 = Debug|ARM64
		{15D6EA0F-AEEA-40F3-A5E2-636A9FF60D69}.Debug|x64.ActiveCfg = Debug|x64
		{15D6EA0F-AEEA-40F3-A5E2-636A9FF60D69}.Debug|x64.Build.0 = Debug|x64
		{15D6EA0F-AEEA-40F3-A5E2-636A9FF60D69}.Debug|x64.Deploy.0 = Debug|x64
		{15D6EA0F-AEEA-40F3-A5E2-636A9FF60D69}.Debug|x86.ActiveCfg = Debug|x86
		{15D6EA0F-AEEA-40F3-A5E2-636A9FF60D69}.Debug|x86.Build.0 = Debug|x86
		{15D6EA0F-AEEA-40F3-A5E2-636A9FF60D69}.Debug|x86.Deploy.0 = Debug|x86
		{15D6EA0F-AEEA-40F3-A5E2-636A9FF60D69}.Release|ARM.ActiveCfg = Release|ARM
		{15D6EA0F-AEEA-40F3-A5E2-636A9FF60D69}.Release|ARM.Build.0 = Release|ARM
		{15D6EA0F-AEEA-40F3-A5E2-636A9FF60D69}.Release|ARM.Deploy.0 = Release|ARM
		{15D6EA0F-AEEA-40F3-A5E2-636A9FF60D69}.Release|ARM64.ActiveCfg = Release|ARM64
		{15D6EA0F-AEEA-40F3-A5E2-636A9FF60D69}.Release|ARM64.Build.0 = Release|ARM64
		{15D6EA0F-AEEA-40F3-A5E2-636A9FF60D69}.Release|ARM64.Deploy.0 = Release|ARM64
		{15D6EA0F-AEEA-40F3-A5E2-636A9FF60D69}.Release|x64.ActiveCfg = Release|x64
		{15D6EA0F-AEEA-40F3-A5E2-636A9FF60D69}.Release|x64.Build.0 = Release|x64
		{15D6EA0F-AEEA-40F3-A5E2-636A9FF60D69}.Release|x64.Deploy.0 = Release|x64
		{15D6EA0F-AEEA-40F3-A5E2-636A9FF60D69}.Release|x86.ActiveCfg = Release|x86
		{15D6EA0F-AEEA-40F3-A5E2-636A9FF60D69}.Release|x86.Build.0 = Release|x86
		{15D6EA0F-AEEA-40F3-A5E2-636A9FF60D69}.Release|x86.Deploy.0 = Release|x86
		{F9B4375B-A53B-4093-B1F6-23BC9E2D6121}.Debug|ARM.ActiveCfg = Debug|ARM
		{F9B4375B-A53B-4093-B1F6-23BC9E2D6121}.Debug|ARM.Build.0 = Debug|ARM
		{F9B4375B-A53B-4093-B1F6-23BC9E2D6121}.Debug|ARM.Deploy.0 = Debug|ARM
		{F9B4375B-A53B-4093-B1F6-23BC9E2D6121}.Debug|ARM64.ActiveCfg = Debug|ARM64
		{F9B4375B-A53B-4093-B1F6-23BC9E2D6121}.Debug|ARM64.Build.0 = Debug|ARM64
		{F9B4375B-A53B-4093-B1F6-23BC9E2D6121}.Debug|ARM64.Deploy.0 = Debug|ARM64
		{F9B4375B-A53B-4093-B1F6-23BC9E2D6121}.Debug|x64.ActiveCfg = Debug|x64
		{F9B4375B-A53B-4093-B1F6-23BC9E2D6121}.Debug|x64.Build.0 = Debug|x64
		{F9B4375B-A53B-4093-B1F6-23BC9E2D6121}.Debug|x64.Deploy.0 = Debug|x64
		{F9B4375B-A53B-4093-B1F6-23BC9E2D6121}.Debug|x86.ActiveCfg = Debug|x86
		{F9B4375B-A53B-4093-B1F6-23BC9E2D6121}.Debug|x86.Build.0 = Debug|x86
		{F9B4375B-A53B-4093-B1F6-23BC9E2D6121}.Debug|x86.Deploy.0 = Debug|x86
		{F9B4375B-A53B-4093-B1F6-23BC9E2D6121}.Release|ARM.ActiveCfg = Release|ARM
		{F9B4375B-A53B-4093-B1F6-23BC9E2D6121}.Release|ARM.Build.0 = Release|ARM
		{F9B4375B-A53B-4093-B1F6-23BC9E2D6121}.Release|ARM.Deploy.0 = Release|ARM
		{F9B4375B-A53B-4093-B1F6-23BC9E2D6121}.Release|ARM64.ActiveCfg = Release|ARM64
		{F9B4375B-A53B-4093-B1F6-23BC9E2D6121}.Release|ARM64.Build.0 = Release|ARM64
		{F9B4375B-A53B-4093-B1F6-23BC9E2D6121}.Release|ARM64.Deploy.0 = Release|ARM64
		{F9B4375B-A53B-4093-B1F6-23BC9E2D6121}.Release|x64.ActiveCfg = Release|x64
		{F9B4375B-A53B-4093-B1F6-23BC9E2D6121}.Release|x64.Build.0 = Release|x64
		{F9B4375B-A53B-4093-B1F6-23BC9E2D6121}.Release|x64.Deploy.0 = Release|x64
		{F9B4375B-A53B-4093-B1F6-23BC9E2D6121}.Release|x86.ActiveCfg = Release|x86
		{F9B4375B-A53B-4093-B1F6-23BC9E2D6121}.Release|x86.Build.0 = Release|x86
		{F9B4375B-A53B-4093-B1F6-23BC9E2D6121}.Release|x86.Deploy.0 = Release|x86
		{96753B66-FF59-4CA7-8ED1-F58631BB6A71}.Debug|ARM.ActiveCfg = Debug|ARM
		{96753B66-FF59-4CA7-8ED1-F58631BB6A71}.Debug|ARM.Build.0 = Debug|ARM
		{96753B66-FF59-4CA7-8ED1-F58631BB6A71}.Debug|ARM.Deploy.0 = Debug|ARM
		{96753B66-FF59-4CA7-8ED1-F58631BB6A71}.Debug|ARM64.ActiveCfg = Debug|ARM64
		{96753B66-FF59-4CA7-8ED1-F58631BB6A71}.Debug|ARM64.Build.0 = Debug|ARM64
		{96753B66-FF59-4CA7-8ED1-F58631BB6A71}.Debug|ARM64.Deploy.0 = Debug|ARM64
		{96753B66-FF59-4CA7-8ED1-F58631BB6A71}.Debug|x64.ActiveCfg = Debug|x64
		{96753B66-FF59-4CA7-8ED1-F58631BB6A71}.Debug|x64.Build.0 = Debug|x64
		{96753B66-FF59-4CA7-8ED1-F58631BB6A71}.Debug|x64.Deploy.0 = Debug|x64
		{96753B66-FF59-4CA7-8ED1-F58631BB6A71}.Debug|x86.ActiveCfg = Debug|x86
		{96753B66-FF59-4CA7-8ED1-F58631BB6A71}.Debug|x86.Build.0 = Debug|x86
		{96753B66-FF59-4CA7-8ED1-F58631BB6A71}.Debug|x86.Deploy.0 = Debug|x86
		{96753B66-FF59-4CA7-8ED1-F58631BB6A71}.Release|ARM.ActiveCfg = Release|ARM
		{96753B66-FF59-4CA7-8ED1-F58631BB6A71}.Release|ARM.Build.0 = Release|ARM
		{96753B66-FF59-4CA7-8ED1-F58631BB6A71}.Release|ARM.Deploy.0 = Release|ARM
		{96753B66-FF59-4CA7-8ED1-F58631BB6A71}.Release|ARM64.ActiveCfg = Release|ARM64
		{96753B66-FF59-4CA7-8ED1-F58631BB6A71}.Release|ARM64.Build.0 = Release|ARM64
		{96753B66-FF59-4CA7-8ED1-F58631BB6A71}.Release|ARM64.Deploy.0 = Release|ARM64
		{96753B66-FF59-4CA7-8ED1-F58631BB6A71}.Release|x64.ActiveCfg = Release|x64
		{96753B66-FF59-4CA7-8ED1-F58631BB6A71}.Release|x64.Build.0 = Release|x64
		{96753B66-FF59-4CA7-8ED1-F58631BB6A71}.Release|x64.Deploy.0 = Release|x64
		{96753B66-FF59-4CA7-8ED1-F58631BB6A71}.Release|x86.ActiveCfg = Release|x86
		{96753B66-FF59-4CA7-8ED1-F58631BB6A71}.Release|x86.Build.0 = Release|x86
		{96753B66-FF59-4CA7-8ED1-F58631BB6A71}.Release|x86.Deploy.0 = Release|x86
		{581049E0-BFC0-4211-AD8A-ADB169E86CB7}.Debug|ARM.ActiveCfg = Debug|ARM
		{581049E0-BFC0-4211-AD8A-ADB169E86CB7}.Debug|ARM.Build.0 = Debug|ARM
		{581049E0-BFC0-4211-AD8A-ADB169E86CB7}.Debug|ARM.Deploy.0 = Debug|ARM
		{581049E0-BFC0-4211-AD8A-ADB169E86CB7}.Debug|ARM64.ActiveCfg = Debug|ARM64
		{581049E0-BFC0-4211-AD8A-ADB169E86CB7}.Debug|ARM64.Build.0 = Debug|ARM64
		{581049E0-BFC0-4211-AD8A-ADB169E86CB7}.Debug|ARM64.Deploy.0 = Debug|ARM64
		{581049E0-BFC0-4211-AD8A-ADB169E86CB7}.Debug|x64.ActiveCfg = Debug|x64
		{581049E0-BFC0-4211-AD8A-ADB169E86CB7}.Debug|x64.Build.0 = Debug|x64
		{581049E0-BFC0-4211-AD8A-ADB169E86CB7}.Debug|x64.Deploy.0 = Debug|x64
		{581049E0-BFC0-4211-AD8A-ADB169E86CB7}.Debug|x86.ActiveCfg = Debug|x86
		{581049E0-BFC0-4211-AD8A-ADB169E86CB7}.Debug|x86.Build.0 = Debug|x86
		{581049E0-BFC0-4211-AD8A-ADB169E86CB7}.Debug|x86.Deploy.0 = Debug|x86
		{581049E0-BFC0-4211-AD8A-ADB169E86CB7}.Release|ARM.ActiveCfg = Release|ARM
		{581049E0-BFC0-4211-AD8A-ADB169E86CB7}.Release|ARM.Build.0 = Release|ARM
		{581049E0-BFC0-4211-AD8A-ADB169E86CB7}.Release|ARM.Deploy.0 = Release|ARM
		{581049E0-BFC0-4211-AD8A-ADB169E86CB7}.Release|ARM64.ActiveCfg = Release|ARM64
		{581049E0-BFC0-4211-AD8A-ADB169E86CB7}.Release|ARM64.Build.0 = Release|ARM64
		{581049E0-BFC0-4211-AD8A-ADB169E86CB7}.Release|ARM64.Deploy.0 = Release|ARM64
		{581049E0-BFC0-4211-AD8A-ADB169E86CB7}.Release|x64.ActiveCfg = Release|x64
		{581049E0-BFC0-4211-AD8A-ADB169E86CB7}.Release|x64.Build.0 = Release|x64
		{581049E0-BFC0-4211-AD8A-ADB169E86CB7}.Release|x64.Deploy.0 = Release|x64
		{581049E0-BFC0-4211-AD8A-ADB169E86CB7}.Release|x86.ActiveCfg = Release|x86
		{581049E0-BFC0-4211-AD8A-ADB169E86CB7}.Release|x86.Build.0 = Release|x86
		{581049E0-BFC0-4211-AD8A-ADB169E86CB7}.Release|x86.Deploy.0 = Release|x86
		{97A4D28A-F3D9-4272-809E-43CAA4D92348}.Debug|ARM.ActiveCfg = Debug|ARM
		{97A4D28A-F3D9-4272-809E-43CAA4D92348}.Debug|ARM.Build.0 = Debug|ARM
		{97A4D28A-F3D9-4272-809E-43CAA4D92348}.Debug|ARM.Deploy.0 = Debug|ARM
		{97A4D28A-F3D9-4272-809E-43CAA4D92348}.Debug|ARM64.ActiveCfg = Debug|ARM64
		{97A4D28A-F3D9-4272-809E-43CAA4D92348}.Debug|ARM64.Build.0 = Debug|ARM64
		{97A4D28A-F3D9-4272-809E-43CAA4D92348}.Debug|ARM64.Deploy.0 = Debug|ARM64
		{97A4D28A-F3D9-4272-809E-43CAA4D92348}.Debug|x64.ActiveCfg = Debug|x64
		{97A4D28A-F3D9-4272-809E-43CAA4D92348}.Debug|x64.Build.0 = Debug|x64
		{97A4D28A-F3D9-4272-809E-43CAA4D92348}.Debug|x64.Deploy.0 = Debug|x64
		{97A4D28A-F3D9-4272-809E-43CAA4D92348}.Debug|x86.ActiveCfg = Debug|x86
		{97A4D28A-F3D9-4272-809E-43CAA4D92348}.Debug|x86.Build.0 = Debug|x86
		{97A4D28A-F3D9-4272-809E-43CAA4D92348}.Debug|x86.Deploy.0 = Debug|x86
		{97A4D28A-F3D9-4272-809E-43CAA4D92348}.Release|ARM.ActiveCfg = Release|ARM
		{97A4D28A-F3D9-4272-809E-43CAA4D92348}.Release|ARM.Build.0 = Release|ARM
		{97A4D28A-F3D9-4272-809E-43CAA4D92348}.Release|ARM.Deploy.0 = Release|ARM
		{97A4D28A-F3D9-4272-809E-43CAA4D92348}.Release|ARM64.ActiveCfg = Release|ARM64
		{97A4D28A-F3D9-4272-809E-43CAA4D92348}.Release|ARM64.Build.0 = Release|ARM64
		{97A4D28A-F3D9-4272-809E-43CAA4D92348}.Release|ARM64.Deploy.0 = Release|ARM64
		{97A4D28A-F3D9-4272-809E-43CAA4D92348}.Release|x64.ActiveCfg = Release|x64
		{97A4D28A-F3D9-4272-809E-43CAA4D92348}.Release|x64.Build.0 = Release|x64
		{97A4D28A-F3D9-4272-809E-43CAA4D92348}.Release|x64.Deploy.0 = Release|x64
		{97A4D28A-F3D9-4272-809E-43CAA4D92348}.Release|x86.ActiveCfg = Release|x86
		{97A4D28A-F3D9-4272-809E-43CAA4D92348}.Release|x86.Build.0 = Release|x86
		{97A4D28A-F3D9-4272-809E-43CAA4D92348}.Release|x86.Deploy.0 = Release|x86
	EndGlobalSection
	GlobalSection(SolutionProperties) = preSolution
		HideSolutionNode = FALSE
	EndGlobalSection
EndGlobal
